<?xml version="1.0" encoding="utf-8"?>
<Project ToolsVersion="4.0" xmlns="http://schemas.microsoft.com/developer/msbuild/2003">
  <ItemGroup>
    <Filter Include="Source Files">
      <UniqueIdentifier>{4FC737F1-C7A5-4376-A066-2A32D752A2FF}</UniqueIdentifier>
      <Extensions>cpp;c;cc;cxx;def;odl;idl;hpj;bat;asm;asmx</Extensions>
    </Filter>
    <Filter Include="Header Files">
      <UniqueIdentifier>{93995380-89BD-4b04-88EB-625FBE52EBFB}</UniqueIdentifier>
      <Extensions>h;hh;hpp;hxx;hm;inl;inc;xsd</Extensions>
    </Filter>
    <Filter Include="Resource Files">
      <UniqueIdentifier>{67DA6AB6-F800-4c08-8B7A-83BB121AAD01}</UniqueIdentifier>
      <Extensions>rc;ico;cur;bmp;dlg;rc2;rct;bin;rgs;gif;jpg;jpeg;jpe;resx;tiff;tif;png;wav;mfcribbon-ms</Extensions>
    </Filter>
  </ItemGroup>
  <ItemGroup>
    <ClInclude Include="Parser.h">
      <Filter>Header Files</Filter>
    </ClInclude>
    <ClInclude Include="TNode.h">
      <Filter>Header Files</Filter>
    </ClInclude>
    <ClInclude Include="AST.h">
      <Filter>Header Files</Filter>
    </ClInclude>
    <ClInclude Include="QueryTable.h">
      <Filter>Header Files</Filter>
    </ClInclude>
    <ClInclude Include="StatementTable.h">
      <Filter>Header Files</Filter>
    </ClInclude>
    <ClInclude Include="LineToken.h">
      <Filter>Header Files</Filter>
    </ClInclude>
    <ClInclude Include="LineTokenizer.h">
      <Filter>Header Files</Filter>
    </ClInclude>
    <ClInclude Include="ModUseTable.h">
      <Filter>Header Files</Filter>
    </ClInclude>
    <ClInclude Include="ParentTable.h">
      <Filter>Header Files</Filter>
    </ClInclude>
    <ClInclude Include="QP.h">
      <Filter>Header Files</Filter>
    </ClInclude>
    <ClInclude Include="QE.h">
      <Filter>Header Files</Filter>
    </ClInclude>
    <ClInclude Include="PKB.h">
      <Filter>Header Files</Filter>
    </ClInclude>
    <ClInclude Include="FollowTable.h">
      <Filter>Header Files</Filter>
    </ClInclude>
  </ItemGroup>
  <ItemGroup>
    <ClCompile Include="Parser.cpp">
      <Filter>Source Files</Filter>
    </ClCompile>
    <ClCompile Include="TNode.cpp">
      <Filter>Source Files</Filter>
    </ClCompile>
    <ClCompile Include="AST.cpp">
      <Filter>Source Files</Filter>
    </ClCompile>
    <ClCompile Include="QueryTable.cpp">
      <Filter>Source Files</Filter>
    </ClCompile>
    <ClCompile Include="StatementTable.cpp">
      <Filter>Source Files</Filter>
    </ClCompile>
    <ClCompile Include="LineToken.cpp">
      <Filter>Source Files</Filter>
    </ClCompile>
    <ClCompile Include="LineTokenizer.cpp">
      <Filter>Source Files</Filter>
    </ClCompile>
    <ClCompile Include="ModUseTable.cpp">
      <Filter>Source Files</Filter>
    </ClCompile>
    <ClCompile Include="ParentTable.cpp">
      <Filter>Source Files</Filter>
    </ClCompile>
    <ClCompile Include="QP.cpp">
      <Filter>Source Files</Filter>
    </ClCompile>
    <ClCompile Include="QE.cpp">
      <Filter>Source Files</Filter>
    </ClCompile>
    <ClCompile Include="PKB.cpp">
      <Filter>Source Files</Filter>
    </ClCompile>
    <ClCompile Include="FollowTable.cpp">
      <Filter>Source Files</Filter>
    </ClCompile>
    <ClCompile Include="Controller.cpp">
      <Filter>Source Files</Filter>
    </ClCompile>
  </ItemGroup>
  <ItemGroup>
    <None Include="ClassDiagram.cd" />
    <None Include="ClassDiagram1.cd" />
  </ItemGroup>
</Project>